
Microsoft Visual Studio Solution File, Format Version 12.00
# Visual Studio Version 16
VisualStudioVersion = 16.0.31025.194
MinimumVisualStudioVersion = 10.0.40219.1
Project("{FAE04EC0-301F-11D3-BF4B-00C04F79EFBC}") = "CinemaAPI", "CinemaAPI\CinemaAPI.csproj", "{260DC8A6-AA3F-407E-9955-58B5E96AA27B}"
EndProject
Global
	GlobalSection(SolutionConfigurationPlatforms) = preSolution
		Debug|Any CPU = Debug|Any CPU
		Release|Any CPU = Release|Any CPU
	EndGlobalSection
	GlobalSection(ProjectConfigurationPlatforms) = postSolution
		{260DC8A6-AA3F-407E-9955-58B5E96AA27B}.Debug|Any CPU.ActiveCfg = Debug|Any CPU
		{260DC8A6-AA3F-407E-9955-58B5E96AA27B}.Debug|Any CPU.Build.0 = Debug|Any CPU
		{260DC8A6-AA3F-407E-9955-58B5E96AA27B}.Release|Any CPU.ActiveCfg = Release|Any CPU
		{260DC8A6-AA3F-407E-9955-58B5E96AA27B}.Release|Any CPU.Build.0 = Release|Any CPU
	EndGlobalSection
	GlobalSection(SolutionProperties) = preSolution
		HideSolutionNode = FALSE
	EndGlobalSection
	GlobalSection(ExtensibilityGlobals) = postSolution
		SolutionGuid = {829D0318-264B-456F-8607-35CB4023512F}
	EndGlobalSection
EndGlobal
